
Microsoft Visual Studio Solution File, Format Version 12.00
# Visual Studio 15
VisualStudioVersion = 15.0.28010.2003
MinimumVisualStudioVersion = 10.0.40219.1
Project("{FAE04EC0-301F-11D3-BF4B-00C04F79EFBC}") = "UserPortalWeb", "UserPortalWeb\UserPortalWeb.csproj", "{ECA7D606-86B0-49CC-A4C6-2E219B50E878}"
EndProject
Global
	GlobalSection(SolutionConfigurationPlatforms) = preSolution
		Debug|Any CPU = Debug|Any CPU
		Release|Any CPU = Release|Any CPU
	EndGlobalSection
	GlobalSection(ProjectConfigurationPlatforms) = postSolution
		{ECA7D606-86B0-49CC-A4C6-2E219B50E878}.Debug|Any CPU.ActiveCfg = Debug|Any CPU
		{ECA7D606-86B0-49CC-A4C6-2E219B50E878}.Debug|Any CPU.Build.0 = Debug|Any CPU
		{ECA7D606-86B0-49CC-A4C6-2E219B50E878}.Release|Any CPU.ActiveCfg = Release|Any CPU
		{ECA7D606-86B0-49CC-A4C6-2E219B50E878}.Release|Any CPU.Build.0 = Release|Any CPU
	EndGlobalSection
	GlobalSection(SolutionProperties) = preSolution
		HideSolutionNode = FALSE
	EndGlobalSection
	GlobalSection(ExtensibilityGlobals) = postSolution
		SolutionGuid = {7FA2FF14-E16F-4038-A017-D321E0BC8A03}
	EndGlobalSection
EndGlobal
